
Microsoft Visual Studio Solution File, Format Version 12.00
# Visual Studio Version 17
VisualStudioVersion = 17.1.32328.378
MinimumVisualStudioVersion = 10.0.40219.1
Project("{FAE04EC0-301F-11D3-BF4B-00C04F79EFBC}") = "Bank.Api", "Bank\Bank.Api.csproj", "{4B0B4507-13AD-4EF1-A19E-743111B509A7}"
EndProject
Project("{FAE04EC0-301F-11D3-BF4B-00C04F79EFBC}") = "Bank.Client", "Bank.Client\Bank.Client.csproj", "{3B05702D-E15A-4A32-864C-193A6D45003B}"
EndProject
Project("{FAE04EC0-301F-11D3-BF4B-00C04F79EFBC}") = "Bank.Core", "Bank.Core\Bank.Core.csproj", "{BD6A74C6-B959-44C2-8C8A-19E788001AE0}"
EndProject
Project("{FAE04EC0-301F-11D3-BF4B-00C04F79EFBC}") = "Bank.Data", "Bank.Data\Bank.Data.csproj", "{C5288520-BB35-438C-BD7F-A31678C89BF0}"
EndProject
Project("{FAE04EC0-301F-11D3-BF4B-00C04F79EFBC}") = "Bank.Domain", "Bank.Domain\Bank.Domain.csproj", "{9E18EEEF-D585-4C02-9BA3-E382BBBD90F9}"
EndProject
Global
	GlobalSection(SolutionConfigurationPlatforms) = preSolution
		Debug|Any CPU = Debug|Any CPU
		Release|Any CPU = Release|Any CPU
	EndGlobalSection
	GlobalSection(ProjectConfigurationPlatforms) = postSolution
		{4B0B4507-13AD-4EF1-A19E-743111B509A7}.Debug|Any CPU.ActiveCfg = Debug|Any CPU
		{4B0B4507-13AD-4EF1-A19E-743111B509A7}.Debug|Any CPU.Build.0 = Debug|Any CPU
		{4B0B4507-13AD-4EF1-A19E-743111B509A7}.Release|Any CPU.ActiveCfg = Release|Any CPU
		{4B0B4507-13AD-4EF1-A19E-743111B509A7}.Release|Any CPU.Build.0 = Release|Any CPU
		{3B05702D-E15A-4A32-864C-193A6D45003B}.Debug|Any CPU.ActiveCfg = Debug|Any CPU
		{3B05702D-E15A-4A32-864C-193A6D45003B}.Debug|Any CPU.Build.0 = Debug|Any CPU
		{3B05702D-E15A-4A32-864C-193A6D45003B}.Release|Any CPU.ActiveCfg = Release|Any CPU
		{3B05702D-E15A-4A32-864C-193A6D45003B}.Release|Any CPU.Build.0 = Release|Any CPU
		{BD6A74C6-B959-44C2-8C8A-19E788001AE0}.Debug|Any CPU.ActiveCfg = Debug|Any CPU
		{BD6A74C6-B959-44C2-8C8A-19E788001AE0}.Debug|Any CPU.Build.0 = Debug|Any CPU
		{BD6A74C6-B959-44C2-8C8A-19E788001AE0}.Release|Any CPU.ActiveCfg = Release|Any CPU
		{BD6A74C6-B959-44C2-8C8A-19E788001AE0}.Release|Any CPU.Build.0 = Release|Any CPU
		{C5288520-BB35-438C-BD7F-A31678C89BF0}.Debug|Any CPU.ActiveCfg = Debug|Any CPU
		{C5288520-BB35-438C-BD7F-A31678C89BF0}.Debug|Any CPU.Build.0 = Debug|Any CPU
		{C5288520-BB35-438C-BD7F-A31678C89BF0}.Release|Any CPU.ActiveCfg = Release|Any CPU
		{C5288520-BB35-438C-BD7F-A31678C89BF0}.Release|Any CPU.Build.0 = Release|Any CPU
		{9E18EEEF-D585-4C02-9BA3-E382BBBD90F9}.Debug|Any CPU.ActiveCfg = Debug|Any CPU
		{9E18EEEF-D585-4C02-9BA3-E382BBBD90F9}.Debug|Any CPU.Build.0 = Debug|Any CPU
		{9E18EEEF-D585-4C02-9BA3-E382BBBD90F9}.Release|Any CPU.ActiveCfg = Release|Any CPU
		{9E18EEEF-D585-4C02-9BA3-E382BBBD90F9}.Release|Any CPU.Build.0 = Release|Any CPU
	EndGlobalSection
	GlobalSection(SolutionProperties) = preSolution
		HideSolutionNode = FALSE
	EndGlobalSection
	GlobalSection(ExtensibilityGlobals) = postSolution
		SolutionGuid = {1BEDCC26-17DE-4057-AD55-795B35A9F81F}
	EndGlobalSection
EndGlobal
